
Microsoft Visual Studio Solution File, Format Version 12.00
# Visual Studio Version 17
VisualStudioVersion = 17.9.34728.123
MinimumVisualStudioVersion = 10.0.40219.1
Project("{FAE04EC0-301F-11D3-BF4B-00C04F79EFBC}") = "AppComunicazioni", "AppComunicazioni\AppComunicazioni.csproj", "{63302695-086A-4A95-9C7C-7DC12B16C37C}"
EndProject
Project("{FAE04EC0-301F-11D3-BF4B-00C04F79EFBC}") = "Api", "Api\Api.csproj", "{3617ADB3-286E-4548-89F4-9CB8CA71B666}"
EndProject
Global
	GlobalSection(SolutionConfigurationPlatforms) = preSolution
		Debug|Any CPU = Debug|Any CPU
		Release|Any CPU = Release|Any CPU
	EndGlobalSection
	GlobalSection(ProjectConfigurationPlatforms) = postSolution
		{63302695-086A-4A95-9C7C-7DC12B16C37C}.Debug|Any CPU.ActiveCfg = Debug|Any CPU
		{63302695-086A-4A95-9C7C-7DC12B16C37C}.Debug|Any CPU.Build.0 = Debug|Any CPU
		{63302695-086A-4A95-9C7C-7DC12B16C37C}.Release|Any CPU.ActiveCfg = Release|Any CPU
		{63302695-086A-4A95-9C7C-7DC12B16C37C}.Release|Any CPU.Build.0 = Release|Any CPU
		{3617ADB3-286E-4548-89F4-9CB8CA71B666}.Debug|Any CPU.ActiveCfg = Debug|Any CPU
		{3617ADB3-286E-4548-89F4-9CB8CA71B666}.Debug|Any CPU.Build.0 = Debug|Any CPU
		{3617ADB3-286E-4548-89F4-9CB8CA71B666}.Release|Any CPU.ActiveCfg = Release|Any CPU
		{3617ADB3-286E-4548-89F4-9CB8CA71B666}.Release|Any CPU.Build.0 = Release|Any CPU
	EndGlobalSection
	GlobalSection(SolutionProperties) = preSolution
		HideSolutionNode = FALSE
	EndGlobalSection
	GlobalSection(ExtensibilityGlobals) = postSolution
		SolutionGuid = {627996A4-0E3E-4388-AE09-825E84E30338}
	EndGlobalSection
EndGlobal
